// !$*UTF8*$!
{
	archiveVersion = 1;
	classes = {
	};
	objectVersion = 50;
	objects = {

/* Begin PBXBuildFile section */
		8D0E725A24FE520900C52EE4 /* LCUseConstraintPurelyViewController.m in Sources */ = {isa = PBXBuildFile; fileRef = 8D0E725924FE520900C52EE4 /* LCUseConstraintPurelyViewController.m */; };
		8D1766DE24EFB713000F6975 /* LCViewGestureViewController.m in Sources */ = {isa = PBXBuildFile; fileRef = 8D1766DD24EFB713000F6975 /* LCViewGestureViewController.m */; };
		8D1766E124EFBAA2000F6975 /* LCUrlEncodeViewController.m in Sources */ = {isa = PBXBuildFile; fileRef = 8D1766E024EFBAA2000F6975 /* LCUrlEncodeViewController.m */; };
		8D1766E724EFBB85000F6975 /* LCCombineViewsViewController.m in Sources */ = {isa = PBXBuildFile; fileRef = 8D1766E624EFBB85000F6975 /* LCCombineViewsViewController.m */; };
		8D1766EA24EFBCCB000F6975 /* LCUseUtilityViewController.m in Sources */ = {isa = PBXBuildFile; fileRef = 8D1766E924EFBCCB000F6975 /* LCUseUtilityViewController.m */; };
		8D1766ED24EFBD7D000F6975 /* LCPhotoPermissionViewController.m in Sources */ = {isa = PBXBuildFile; fileRef = 8D1766EC24EFBD7D000F6975 /* LCPhotoPermissionViewController.m */; };
		8D1766F024EFBF09000F6975 /* LCSeeLocalFileViewController.m in Sources */ = {isa = PBXBuildFile; fileRef = 8D1766EF24EFBF09000F6975 /* LCSeeLocalFileViewController.m */; };
		8D1766F324EFC363000F6975 /* LCUseProxyViewController.m in Sources */ = {isa = PBXBuildFile; fileRef = 8D1766F224EFC363000F6975 /* LCUseProxyViewController.m */; };
		8D17670024EFCF3C000F6975 /* LCPerson.m in Sources */ = {isa = PBXBuildFile; fileRef = 8D1766FE24EFCF3C000F6975 /* LCPerson.m */; };
		8D17670124EFCF3C000F6975 /* MengUseArchiverViewController.m in Sources */ = {isa = PBXBuildFile; fileRef = 8D1766FF24EFCF3C000F6975 /* MengUseArchiverViewController.m */; };
		8D17670424EFCF79000F6975 /* LCDog.m in Sources */ = {isa = PBXBuildFile; fileRef = 8D17670324EFCF79000F6975 /* LCDog.m */; };
		8D5705DE23ACC953003B89D8 /* AppDelegate.m in Sources */ = {isa = PBXBuildFile; fileRef = 8D5705DD23ACC953003B89D8 /* AppDelegate.m */; };
		8D5705E423ACC953003B89D8 /* ViewController.m in Sources */ = {isa = PBXBuildFile; fileRef = 8D5705E323ACC953003B89D8 /* ViewController.m */; };
		8D5705E923ACC955003B89D8 /* Assets.xcassets in Resources */ = {isa = PBXBuildFile; fileRef = 8D5705E823ACC955003B89D8 /* Assets.xcassets */; };
		8D5705EC23ACC955003B89D8 /* LaunchScreen.storyboard in Resources */ = {isa = PBXBuildFile; fileRef = 8D5705EA23ACC955003B89D8 /* LaunchScreen.storyboard */; };
		8D5705EF23ACC955003B89D8 /* main.m in Sources */ = {isa = PBXBuildFile; fileRef = 8D5705EE23ACC955003B89D8 /* main.m */; };
		8DE93F122530783C0022E552 /* LCJsonViewController.m in Sources */ = {isa = PBXBuildFile; fileRef = 8DE93F112530783C0022E552 /* LCJsonViewController.m */; };
		B6F0184CB0111C6A1A58431E /* libPods-MLCKitDemo.a in Frameworks */ = {isa = PBXBuildFile; fileRef = 7E9931728D6BE47AE2F8DE15 /* libPods-MLCKitDemo.a */; };
/* End PBXBuildFile section */

/* Begin PBXFileReference section */
		3325DB394482C779B27B6273 /* Pods-MLCKitDemo.debug.xcconfig */ = {isa = PBXFileReference; includeInIndex = 1; lastKnownFileType = text.xcconfig; name = "Pods-MLCKitDemo.debug.xcconfig"; path = "Target Support Files/Pods-MLCKitDemo/Pods-MLCKitDemo.debug.xcconfig"; sourceTree = "<group>"; };
		7B26288BF695D298AA9C8D0D /* Pods-MLCKitDemo.release.xcconfig */ = {isa = PBXFileReference; includeInIndex = 1; lastKnownFileType = text.xcconfig; name = "Pods-MLCKitDemo.release.xcconfig"; path = "Target Support Files/Pods-MLCKitDemo/Pods-MLCKitDemo.release.xcconfig"; sourceTree = "<group>"; };
		7E9931728D6BE47AE2F8DE15 /* libPods-MLCKitDemo.a */ = {isa = PBXFileReference; explicitFileType = archive.ar; includeInIndex = 0; path = "libPods-MLCKitDemo.a"; sourceTree = BUILT_PRODUCTS_DIR; };
		8D0E725824FE520900C52EE4 /* LCUseConstraintPurelyViewController.h */ = {isa = PBXFileReference; lastKnownFileType = sourcecode.c.h; path = LCUseConstraintPurelyViewController.h; sourceTree = "<group>"; };
		8D0E725924FE520900C52EE4 /* LCUseConstraintPurelyViewController.m */ = {isa = PBXFileReference; lastKnownFileType = sourcecode.c.objc; path = LCUseConstraintPurelyViewController.m; sourceTree = "<group>"; };
		8D1766DC24EFB713000F6975 /* LCViewGestureViewController.h */ = {isa = PBXFileReference; lastKnownFileType = sourcecode.c.h; path = LCViewGestureViewController.h; sourceTree = "<group>"; };
		8D1766DD24EFB713000F6975 /* LCViewGestureViewController.m */ = {isa = PBXFileReference; lastKnownFileType = sourcecode.c.objc; path = LCViewGestureViewController.m; sourceTree = "<group>"; };
		8D1766DF24EFBAA2000F6975 /* LCUrlEncodeViewController.h */ = {isa = PBXFileReference; lastKnownFileType = sourcecode.c.h; path = LCUrlEncodeViewController.h; sourceTree = "<group>"; };
		8D1766E024EFBAA2000F6975 /* LCUrlEncodeViewController.m */ = {isa = PBXFileReference; lastKnownFileType = sourcecode.c.objc; path = LCUrlEncodeViewController.m; sourceTree = "<group>"; };
		8D1766E524EFBB85000F6975 /* LCCombineViewsViewController.h */ = {isa = PBXFileReference; fileEncoding = 4; lastKnownFileType = sourcecode.c.h; path = LCCombineViewsViewController.h; sourceTree = "<group>"; };
		8D1766E624EFBB85000F6975 /* LCCombineViewsViewController.m */ = {isa = PBXFileReference; fileEncoding = 4; lastKnownFileType = sourcecode.c.objc; path = LCCombineViewsViewController.m; sourceTree = "<group>"; };
		8D1766E824EFBCCB000F6975 /* LCUseUtilityViewController.h */ = {isa = PBXFileReference; lastKnownFileType = sourcecode.c.h; path = LCUseUtilityViewController.h; sourceTree = "<group>"; };
		8D1766E924EFBCCB000F6975 /* LCUseUtilityViewController.m */ = {isa = PBXFileReference; lastKnownFileType = sourcecode.c.objc; path = LCUseUtilityViewController.m; sourceTree = "<group>"; };
		8D1766EB24EFBD7D000F6975 /* LCPhotoPermissionViewController.h */ = {isa = PBXFileReference; lastKnownFileType = sourcecode.c.h; path = LCPhotoPermissionViewController.h; sourceTree = "<group>"; };
		8D1766EC24EFBD7D000F6975 /* LCPhotoPermissionViewController.m */ = {isa = PBXFileReference; lastKnownFileType = sourcecode.c.objc; path = LCPhotoPermissionViewController.m; sourceTree = "<group>"; };
		8D1766EE24EFBF09000F6975 /* LCSeeLocalFileViewController.h */ = {isa = PBXFileReference; lastKnownFileType = sourcecode.c.h; path = LCSeeLocalFileViewController.h; sourceTree = "<group>"; };
		8D1766EF24EFBF09000F6975 /* LCSeeLocalFileViewController.m */ = {isa = PBXFileReference; lastKnownFileType = sourcecode.c.objc; path = LCSeeLocalFileViewController.m; sourceTree = "<group>"; };
		8D1766F124EFC363000F6975 /* LCUseProxyViewController.h */ = {isa = PBXFileReference; lastKnownFileType = sourcecode.c.h; path = LCUseProxyViewController.h; sourceTree = "<group>"; };
		8D1766F224EFC363000F6975 /* LCUseProxyViewController.m */ = {isa = PBXFileReference; lastKnownFileType = sourcecode.c.objc; path = LCUseProxyViewController.m; sourceTree = "<group>"; };
		8D1766FC24EFCF3C000F6975 /* MengUseArchiverViewController.h */ = {isa = PBXFileReference; fileEncoding = 4; lastKnownFileType = sourcecode.c.h; path = MengUseArchiverViewController.h; sourceTree = "<group>"; };
		8D1766FD24EFCF3C000F6975 /* LCPerson.h */ = {isa = PBXFileReference; fileEncoding = 4; lastKnownFileType = sourcecode.c.h; path = LCPerson.h; sourceTree = "<group>"; };
		8D1766FE24EFCF3C000F6975 /* LCPerson.m */ = {isa = PBXFileReference; fileEncoding = 4; lastKnownFileType = sourcecode.c.objc; path = LCPerson.m; sourceTree = "<group>"; };
		8D1766FF24EFCF3C000F6975 /* MengUseArchiverViewController.m */ = {isa = PBXFileReference; fileEncoding = 4; lastKnownFileType = sourcecode.c.objc; path = MengUseArchiverViewController.m; sourceTree = "<group>"; };
		8D17670224EFCF79000F6975 /* LCDog.h */ = {isa = PBXFileReference; lastKnownFileType = sourcecode.c.h; path = LCDog.h; sourceTree = "<group>"; };
		8D17670324EFCF79000F6975 /* LCDog.m */ = {isa = PBXFileReference; lastKnownFileType = sourcecode.c.objc; path = LCDog.m; sourceTree = "<group>"; };
		8D5705D923ACC953003B89D8 /* MLCKitDemo.app */ = {isa = PBXFileReference; explicitFileType = wrapper.application; includeInIndex = 0; path = MLCKitDemo.app; sourceTree = BUILT_PRODUCTS_DIR; };
		8D5705DC23ACC953003B89D8 /* AppDelegate.h */ = {isa = PBXFileReference; lastKnownFileType = sourcecode.c.h; path = AppDelegate.h; sourceTree = "<group>"; };
		8D5705DD23ACC953003B89D8 /* AppDelegate.m */ = {isa = PBXFileReference; lastKnownFileType = sourcecode.c.objc; path = AppDelegate.m; sourceTree = "<group>"; };
		8D5705E223ACC953003B89D8 /* ViewController.h */ = {isa = PBXFileReference; lastKnownFileType = sourcecode.c.h; path = ViewController.h; sourceTree = "<group>"; };
		8D5705E323ACC953003B89D8 /* ViewController.m */ = {isa = PBXFileReference; lastKnownFileType = sourcecode.c.objc; path = ViewController.m; sourceTree = "<group>"; };
		8D5705E823ACC955003B89D8 /* Assets.xcassets */ = {isa = PBXFileReference; lastKnownFileType = folder.assetcatalog; path = Assets.xcassets; sourceTree = "<group>"; };
		8D5705EB23ACC955003B89D8 /* Base */ = {isa = PBXFileReference; lastKnownFileType = file.storyboard; name = Base; path = Base.lproj/LaunchScreen.storyboard; sourceTree = "<group>"; };
		8D5705ED23ACC955003B89D8 /* Info.plist */ = {isa = PBXFileReference; lastKnownFileType = text.plist.xml; path = Info.plist; sourceTree = "<group>"; };
		8D5705EE23ACC955003B89D8 /* main.m */ = {isa = PBXFileReference; lastKnownFileType = sourcecode.c.objc; path = main.m; sourceTree = "<group>"; };
		8DE93F102530783C0022E552 /* LCJsonViewController.h */ = {isa = PBXFileReference; lastKnownFileType = sourcecode.c.h; path = LCJsonViewController.h; sourceTree = "<group>"; };
		8DE93F112530783C0022E552 /* LCJsonViewController.m */ = {isa = PBXFileReference; lastKnownFileType = sourcecode.c.objc; path = LCJsonViewController.m; sourceTree = "<group>"; };
/* End PBXFileReference section */

/* Begin PBXFrameworksBuildPhase section */
		8D5705D623ACC953003B89D8 /* Frameworks */ = {
			isa = PBXFrameworksBuildPhase;
			buildActionMask = 2147483647;
			files = (
				B6F0184CB0111C6A1A58431E /* libPods-MLCKitDemo.a in Frameworks */,
			);
			runOnlyForDeploymentPostprocessing = 0;
		};
/* End PBXFrameworksBuildPhase section */

/* Begin PBXGroup section */
		37B0397476DF33E6A5C1448C /* Pods */ = {
			isa = PBXGroup;
			children = (
				3325DB394482C779B27B6273 /* Pods-MLCKitDemo.debug.xcconfig */,
				7B26288BF695D298AA9C8D0D /* Pods-MLCKitDemo.release.xcconfig */,
			);
			path = Pods;
			sourceTree = "<group>";
		};
		3FC30527238B6D0B2CDD06BE /* Frameworks */ = {
			isa = PBXGroup;
			children = (
				7E9931728D6BE47AE2F8DE15 /* libPods-MLCKitDemo.a */,
			);
			name = Frameworks;
			sourceTree = "<group>";
		};
		8D1766FB24EFCF3C000F6975 /* UseArchiver */ = {
			isa = PBXGroup;
			children = (
				8D1766FC24EFCF3C000F6975 /* MengUseArchiverViewController.h */,
				8D1766FF24EFCF3C000F6975 /* MengUseArchiverViewController.m */,
				8D1766FD24EFCF3C000F6975 /* LCPerson.h */,
				8D1766FE24EFCF3C000F6975 /* LCPerson.m */,
				8D17670224EFCF79000F6975 /* LCDog.h */,
				8D17670324EFCF79000F6975 /* LCDog.m */,
			);
			path = UseArchiver;
			sourceTree = "<group>";
		};
		8D5705D023ACC953003B89D8 = {
			isa = PBXGroup;
			children = (
				8D5705DB23ACC953003B89D8 /* MLCKitDemo */,
				8D5705DA23ACC953003B89D8 /* Products */,
				37B0397476DF33E6A5C1448C /* Pods */,
				3FC30527238B6D0B2CDD06BE /* Frameworks */,
			);
			sourceTree = "<group>";
		};
		8D5705DA23ACC953003B89D8 /* Products */ = {
			isa = PBXGroup;
			children = (
				8D5705D923ACC953003B89D8 /* MLCKitDemo.app */,
			);
			name = Products;
			sourceTree = "<group>";
		};
		8D5705DB23ACC953003B89D8 /* MLCKitDemo */ = {
			isa = PBXGroup;
			children = (
				8D5705DC23ACC953003B89D8 /* AppDelegate.h */,
				8D5705DD23ACC953003B89D8 /* AppDelegate.m */,
				8D5705E223ACC953003B89D8 /* ViewController.h */,
				8D5705E323ACC953003B89D8 /* ViewController.m */,
				8D1766DC24EFB713000F6975 /* LCViewGestureViewController.h */,
				8D1766DD24EFB713000F6975 /* LCViewGestureViewController.m */,
				8D1766DF24EFBAA2000F6975 /* LCUrlEncodeViewController.h */,
				8D1766E024EFBAA2000F6975 /* LCUrlEncodeViewController.m */,
				8D1766E524EFBB85000F6975 /* LCCombineViewsViewController.h */,
				8D1766E624EFBB85000F6975 /* LCCombineViewsViewController.m */,
				8D0E725824FE520900C52EE4 /* LCUseConstraintPurelyViewController.h */,
				8D0E725924FE520900C52EE4 /* LCUseConstraintPurelyViewController.m */,
				8D1766E824EFBCCB000F6975 /* LCUseUtilityViewController.h */,
				8D1766E924EFBCCB000F6975 /* LCUseUtilityViewController.m */,
				8D1766EB24EFBD7D000F6975 /* LCPhotoPermissionViewController.h */,
				8D1766EC24EFBD7D000F6975 /* LCPhotoPermissionViewController.m */,
				8D1766EE24EFBF09000F6975 /* LCSeeLocalFileViewController.h */,
				8D1766EF24EFBF09000F6975 /* LCSeeLocalFileViewController.m */,
				8D1766F124EFC363000F6975 /* LCUseProxyViewController.h */,
				8D1766F224EFC363000F6975 /* LCUseProxyViewController.m */,
				8DE93F102530783C0022E552 /* LCJsonViewController.h */,
				8DE93F112530783C0022E552 /* LCJsonViewController.m */,
				8D1766FB24EFCF3C000F6975 /* UseArchiver */,
				8D5705E823ACC955003B89D8 /* Assets.xcassets */,
				8D5705EA23ACC955003B89D8 /* LaunchScreen.storyboard */,
				8D5705ED23ACC955003B89D8 /* Info.plist */,
				8D5705EE23ACC955003B89D8 /* main.m */,
			);
			path = MLCKitDemo;
			sourceTree = "<group>";
		};
/* End PBXGroup section */

/* Begin PBXNativeTarget section */
		8D5705D823ACC953003B89D8 /* MLCKitDemo */ = {
			isa = PBXNativeTarget;
			buildConfigurationList = 8D5705F223ACC955003B89D8 /* Build configuration list for PBXNativeTarget "MLCKitDemo" */;
			buildPhases = (
				6F8E740BC96FC2292DB5DD2B /* [CP] Check Pods Manifest.lock */,
				8D5705D523ACC953003B89D8 /* Sources */,
				8D5705D623ACC953003B89D8 /* Frameworks */,
				8D5705D723ACC953003B89D8 /* Resources */,
			);
			buildRules = (
			);
			dependencies = (
			);
			name = MLCKitDemo;
			productName = MLCKitDemo;
			productReference = 8D5705D923ACC953003B89D8 /* MLCKitDemo.app */;
			productType = "com.apple.product-type.application";
		};
/* End PBXNativeTarget section */

/* Begin PBXProject section */
		8D5705D123ACC953003B89D8 /* Project object */ = {
			isa = PBXProject;
			attributes = {
				LastUpgradeCheck = 1110;
				ORGANIZATIONNAME = MengLingChao;
				TargetAttributes = {
					8D5705D823ACC953003B89D8 = {
						CreatedOnToolsVersion = 11.1;
					};
				};
			};
			buildConfigurationList = 8D5705D423ACC953003B89D8 /* Build configuration list for PBXProject "MLCKitDemo" */;
			compatibilityVersion = "Xcode 9.3";
			developmentRegion = en;
			hasScannedForEncodings = 0;
			knownRegions = (
				en,
				Base,
			);
			mainGroup = 8D5705D023ACC953003B89D8;
			productRefGroup = 8D5705DA23ACC953003B89D8 /* Products */;
			projectDirPath = "";
			projectRoot = "";
			targets = (
				8D5705D823ACC953003B89D8 /* MLCKitDemo */,
			);
		};
/* End PBXProject section */

/* Begin PBXResourcesBuildPhase section */
		8D5705D723ACC953003B89D8 /* Resources */ = {
			isa = PBXResourcesBuildPhase;
			buildActionMask = 2147483647;
			files = (
				8D5705EC23ACC955003B89D8 /* LaunchScreen.storyboard in Resources */,
				8D5705E923ACC955003B89D8 /* Assets.xcassets in Resources */,
			);
			runOnlyForDeploymentPostprocessing = 0;
		};
/* End PBXResourcesBuildPhase section */

/* Begin PBXShellScriptBuildPhase section */
		6F8E740BC96FC2292DB5DD2B /* [CP] Check Pods Manifest.lock */ = {
			isa = PBXShellScriptBuildPhase;
			buildActionMask = 2147483647;
			files = (
			);
			inputFileListPaths = (
			);
			inputPaths = (
				"${PODS_PODFILE_DIR_PATH}/Podfile.lock",
				"${PODS_ROOT}/Manifest.lock",
			);
			name = "[CP] Check Pods Manifest.lock";
			outputFileListPaths = (
			);
			outputPaths = (
				"$(DERIVED_FILE_DIR)/Pods-MLCKitDemo-checkManifestLockResult.txt",
			);
			runOnlyForDeploymentPostprocessing = 0;
			shellPath = /bin/sh;
			shellScript = "diff \"${PODS_PODFILE_DIR_PATH}/Podfile.lock\" \"${PODS_ROOT}/Manifest.lock\" > /dev/null\nif [ $? != 0 ] ; then\n    # print error to STDERR\n    echo \"error: The sandbox is not in sync with the Podfile.lock. Run 'pod install' or update your CocoaPods installation.\" >&2\n    exit 1\nfi\n# This output is used by Xcode 'outputs' to avoid re-running this script phase.\necho \"SUCCESS\" > \"${SCRIPT_OUTPUT_FILE_0}\"\n";
			showEnvVarsInLog = 0;
		};
/* End PBXShellScriptBuildPhase section */

/* Begin PBXSourcesBuildPhase section */
		8D5705D523ACC953003B89D8 /* Sources */ = {
			isa = PBXSourcesBuildPhase;
			buildActionMask = 2147483647;
			files = (
				8D1766DE24EFB713000F6975 /* LCViewGestureViewController.m in Sources */,
				8D17670424EFCF79000F6975 /* LCDog.m in Sources */,
				8D17670124EFCF3C000F6975 /* MengUseArchiverViewController.m in Sources */,
				8D5705E423ACC953003B89D8 /* ViewController.m in Sources */,
				8D1766E724EFBB85000F6975 /* LCCombineViewsViewController.m in Sources */,
				8D1766E124EFBAA2000F6975 /* LCUrlEncodeViewController.m in Sources */,
				8D1766F324EFC363000F6975 /* LCUseProxyViewController.m in Sources */,
				8DE93F122530783C0022E552 /* LCJsonViewController.m in Sources */,
				8D1766EA24EFBCCB000F6975 /* LCUseUtilityViewController.m in Sources */,
				8D1766F024EFBF09000F6975 /* LCSeeLocalFileViewController.m in Sources */,
				8D0E725A24FE520900C52EE4 /* LCUseConstraintPurelyViewController.m in Sources */,
				8D17670024EFCF3C000F6975 /* LCPerson.m in Sources */,
				8D5705DE23ACC953003B89D8 /* AppDelegate.m in Sources */,
				8D5705EF23ACC955003B89D8 /* main.m in Sources */,
				8D1766ED24EFBD7D000F6975 /* LCPhotoPermissionViewController.m in Sources */,
			);
			runOnlyForDeploymentPostprocessing = 0;
		};
/* End PBXSourcesBuildPhase section */

/* Begin PBXVariantGroup section */
		8D5705EA23ACC955003B89D8 /* LaunchScreen.storyboard */ = {
			isa = PBXVariantGroup;
			children = (
				8D5705EB23ACC955003B89D8 /* Base */,
			);
			name = LaunchScreen.storyboard;
			sourceTree = "<group>";
		};
/* End PBXVariantGroup section */

/* Begin XCBuildConfiguration section */
		8D5705F023ACC955003B89D8 /* Debug */ = {
			isa = XCBuildConfiguration;
			buildSettings = {
				ALWAYS_SEARCH_USER_PATHS = NO;
				CLANG_ANALYZER_NONNULL = YES;
				CLANG_ANALYZER_NUMBER_OBJECT_CONVERSION = YES_AGGRESSIVE;
				CLANG_CXX_LANGUAGE_STANDARD = "gnu++14";
				CLANG_CXX_LIBRARY = "libc++";
				CLANG_ENABLE_MODULES = YES;
				CLANG_ENABLE_OBJC_ARC = YES;
				CLANG_ENABLE_OBJC_WEAK = YES;
				CLANG_WARN_BLOCK_CAPTURE_AUTORELEASING = YES;
				CLANG_WARN_BOOL_CONVERSION = YES;
				CLANG_WARN_COMMA = YES;
				CLANG_WARN_CONSTANT_CONVERSION = YES;
				CLANG_WARN_DEPRECATED_OBJC_IMPLEMENTATIONS = YES;
				CLANG_WARN_DIRECT_OBJC_ISA_USAGE = YES_ERROR;
				CLANG_WARN_DOCUMENTATION_COMMENTS = YES;
				CLANG_WARN_EMPTY_BODY = YES;
				CLANG_WARN_ENUM_CONVERSION = YES;
				CLANG_WARN_INFINITE_RECURSION = YES;
				CLANG_WARN_INT_CONVERSION = YES;
				CLANG_WARN_NON_LITERAL_NULL_CONVERSION = YES;
				CLANG_WARN_OBJC_IMPLICIT_RETAIN_SELF = YES;
				CLANG_WARN_OBJC_LITERAL_CONVERSION = YES;
				CLANG_WARN_OBJC_ROOT_CLASS = YES_ERROR;
				CLANG_WARN_RANGE_LOOP_ANALYSIS = YES;
				CLANG_WARN_STRICT_PROTOTYPES = YES;
				CLANG_WARN_SUSPICIOUS_MOVE = YES;
				CLANG_WARN_UNGUARDED_AVAILABILITY = YES_AGGRESSIVE;
				CLANG_WARN_UNREACHABLE_CODE = YES;
				CLANG_WARN__DUPLICATE_METHOD_MATCH = YES;
				COPY_PHASE_STRIP = NO;
				DEBUG_INFORMATION_FORMAT = dwarf;
				ENABLE_STRICT_OBJC_MSGSEND = YES;
				ENABLE_TESTABILITY = YES;
				GCC_C_LANGUAGE_STANDARD = gnu11;
				GCC_DYNAMIC_NO_PIC = NO;
				GCC_NO_COMMON_BLOCKS = YES;
				GCC_OPTIMIZATION_LEVEL = 0;
				GCC_PREPROCESSOR_DEFINITIONS = (
					"DEBUG=1",
					"$(inherited)",
				);
				GCC_WARN_64_TO_32_BIT_CONVERSION = YES;
				GCC_WARN_ABOUT_RETURN_TYPE = YES_ERROR;
				GCC_WARN_UNDECLARED_SELECTOR = YES;
				GCC_WARN_UNINITIALIZED_AUTOS = YES_AGGRESSIVE;
				GCC_WARN_UNUSED_FUNCTION = YES;
				GCC_WARN_UNUSED_VARIABLE = YES;
				IPHONEOS_DEPLOYMENT_TARGET = 13.1;
				MTL_ENABLE_DEBUG_INFO = INCLUDE_SOURCE;
				MTL_FAST_MATH = YES;
				ONLY_ACTIVE_ARCH = YES;
				SDKROOT = iphoneos;
			};
			name = Debug;
		};
		8D5705F123ACC955003B89D8 /* Release */ = {
			isa = XCBuildConfiguration;
			buildSettings = {
				ALWAYS_SEARCH_USER_PATHS = NO;
				CLANG_ANALYZER_NONNULL = YES;
				CLANG_ANALYZER_NUMBER_OBJECT_CONVERSION = YES_AGGRESSIVE;
				CLANG_CXX_LANGUAGE_STANDARD = "gnu++14";
				CLANG_CXX_LIBRARY = "libc++";
				CLANG_ENABLE_MODULES = YES;
				CLANG_ENABLE_OBJC_ARC = YES;
				CLANG_ENABLE_OBJC_WEAK = YES;
				CLANG_WARN_BLOCK_CAPTURE_AUTORELEASING = YES;
				CLANG_WARN_BOOL_CONVERSION = YES;
				CLANG_WARN_COMMA = YES;
				CLANG_WARN_CONSTANT_CONVERSION = YES;
				CLANG_WARN_DEPRECATED_OBJC_IMPLEMENTATIONS = YES;
				CLANG_WARN_DIRECT_OBJC_ISA_USAGE = YES_ERROR;
				CLANG_WARN_DOCUMENTATION_COMMENTS = YES;
				CLANG_WARN_EMPTY_BODY = YES;
				CLANG_WARN_ENUM_CONVERSION = YES;
				CLANG_WARN_INFINITE_RECURSION = YES;
				CLANG_WARN_INT_CONVERSION = YES;
				CLANG_WARN_NON_LITERAL_NULL_CONVERSION = YES;
				CLANG_WARN_OBJC_IMPLICIT_RETAIN_SELF = YES;
				CLANG_WARN_OBJC_LITERAL_CONVERSION = YES;
				CLANG_WARN_OBJC_ROOT_CLASS = YES_ERROR;
				CLANG_WARN_RANGE_LOOP_ANALYSIS = YES;
				CLANG_WARN_STRICT_PROTOTYPES = YES;
				CLANG_WARN_SUSPICIOUS_MOVE = YES;
				CLANG_WARN_UNGUARDED_AVAILABILITY = YES_AGGRESSIVE;
				CLANG_WARN_UNREACHABLE_CODE = YES;
				CLANG_WARN__DUPLICATE_METHOD_MATCH = YES;
				COPY_PHASE_STRIP = NO;
				DEBUG_INFORMATION_FORMAT = "dwarf-with-dsym";
				ENABLE_NS_ASSERTIONS = NO;
				ENABLE_STRICT_OBJC_MSGSEND = YES;
				GCC_C_LANGUAGE_STANDARD = gnu11;
				GCC_NO_COMMON_BLOCKS = YES;
				GCC_WARN_64_TO_32_BIT_CONVERSION = YES;
				GCC_WARN_ABOUT_RETURN_TYPE = YES_ERROR;
				GCC_WARN_UNDECLARED_SELECTOR = YES;
				GCC_WARN_UNINITIALIZED_AUTOS = YES_AGGRESSIVE;
				GCC_WARN_UNUSED_FUNCTION = YES;
				GCC_WARN_UNUSED_VARIABLE = YES;
				IPHONEOS_DEPLOYMENT_TARGET = 13.1;
				MTL_ENABLE_DEBUG_INFO = NO;
				MTL_FAST_MATH = YES;
				SDKROOT = iphoneos;
				VALIDATE_PRODUCT = YES;
			};
			name = Release;
		};
		8D5705F323ACC955003B89D8 /* Debug */ = {
			isa = XCBuildConfiguration;
			baseConfigurationReference = 3325DB394482C779B27B6273 /* Pods-MLCKitDemo.debug.xcconfig */;
			buildSettings = {
				ASSETCATALOG_COMPILER_APPICON_NAME = AppIcon;
				CODE_SIGN_STYLE = Automatic;
				DEVELOPMENT_TEAM = AS4ANJJUVM;
				INFOPLIST_FILE = MLCKitDemo/Info.plist;
				IPHONEOS_DEPLOYMENT_TARGET = 8.0;
				LD_RUNPATH_SEARCH_PATHS = (
					"$(inherited)",
					"@executable_path/Frameworks",
				);
				PRODUCT_BUNDLE_IDENTIFIER = com.menglingchao.hehe;
				PRODUCT_NAME = "$(TARGET_NAME)";
				TARGETED_DEVICE_FAMILY = "1,2";
			};
			name = Debug;
		};
		8D5705F423ACC955003B89D8 /* Release */ = {
			isa = XCBuildConfiguration;
			baseConfigurationReference = 7B26288BF695D298AA9C8D0D /* Pods-MLCKitDemo.release.xcconfig */;
			buildSettings = {
				ASSETCATALOG_COMPILER_APPICON_NAME = AppIcon;
				CODE_SIGN_STYLE = Automatic;
				DEVELOPMENT_TEAM = AS4ANJJUVM;
				INFOPLIST_FILE = MLCKitDemo/Info.plist;
				IPHONEOS_DEPLOYMENT_TARGET = 8.0;
				LD_RUNPATH_SEARCH_PATHS = (
					"$(inherited)",
					"@executable_path/Frameworks",
				);
				PRODUCT_BUNDLE_IDENTIFIER = com.menglingchao.hehe;
				PRODUCT_NAME = "$(TARGET_NAME)";
				TARGETED_DEVICE_FAMILY = "1,2";
			};
			name = Release;
		};
/* End XCBuildConfiguration section */

/* Begin XCConfigurationList section */
		8D5705D423ACC953003B89D8 /* Build configuration list for PBXProject "MLCKitDemo" */ = {
			isa = XCConfigurationList;
			buildConfigurations = (
				8D5705F023ACC955003B89D8 /* Debug */,
				8D5705F123ACC955003B89D8 /* Release */,
			);
			defaultConfigurationIsVisible = 0;
			defaultConfigurationName = Release;
		};
		8D5705F223ACC955003B89D8 /* Build configuration list for PBXNativeTarget "MLCKitDemo" */ = {
			isa = XCConfigurationList;
			buildConfigurations = (
				8D5705F323ACC955003B89D8 /* Debug */,
				8D5705F423ACC955003B89D8 /* Release */,
			);
			defaultConfigurationIsVisible = 0;
			defaultConfigurationName = Release;
		};
/* End XCConfigurationList section */
	};
	rootObject = 8D5705D123ACC953003B89D8 /* Project object */;
}
