PODS:
  - Masonry (1.1.0)
  - MLCKit (0.0.2):
    - MLCKit/Cache (= 0.0.2)
    - MLCKit/Category (= 0.0.2)
    - MLCKit/LocalFolder (= 0.0.2)
    - MLCKit/Macro (= 0.0.2)
    - MLCKit/Photos (= 0.0.2)
    - MLCKit/Proxy (= 0.0.2)
    - MLCKit/UI (= 0.0.2)
    - MLCKit/Utility (= 0.0.2)
  - MLCKit/Cache (0.0.2):
    - YYCache
  - MLCKit/Category (0.0.2)
  - MLCKit/LocalFolder (0.0.2)
  - MLCKit/Macro (0.0.2)
  - MLCKit/Photos (0.0.2):
    - MLCKit/Utility
  - MLCKit/Proxy (0.0.2)
  - MLCKit/UI (0.0.2):
    - Masonry
  - MLCKit/Utility (0.0.2)
  - YYCache (1.0.4)
  - YYModel (1.0.4)

DEPENDENCIES:
  - Masonry (= 1.1.0)
  - MLCKit (from `../../MLCKit`)
  - YYCache (= 1.0.4)
  - YYModel (= 1.0.4)

SPEC REPOS:
  https://github.com/CocoaPods/Specs.git:
    - Masonry
    - YYCache
    - YYModel

EXTERNAL SOURCES:
  MLCKit:
    :path: "../../MLCKit"

SPEC CHECKSUMS:
  Masonry: 678fab65091a9290e40e2832a55e7ab731aad201
  MLCKit: 4a730c36854f758e9212551dfa63a234a6e4dc54
  YYCache: 8105b6638f5e849296c71f331ff83891a4942952
  YYModel: 2a7fdd96aaa4b86a824e26d0c517de8928c04b30

PODFILE CHECKSUM: 00da1ac653c9d6a011107966d828f2d49684d7b0

COCOAPODS: 1.9.3
