PODS:
  - LCDemo (0.0.1)
  - Masonry (1.1.0)
  - MJRefresh (3.5.0)
  - MLCKit (0.0.4):
    - MLCKit/Algorithm (= 0.0.4)
    - MLCKit/Cache (= 0.0.4)
    - MLCKit/Category (= 0.0.4)
    - MLCKit/Color (= 0.0.4)
    - MLCKit/Document (= 0.0.4)
    - MLCKit/Font (= 0.0.4)
    - MLCKit/LocalFolder (= 0.0.4)
    - MLCKit/Location (= 0.0.4)
    - MLCKit/Macro (= 0.0.4)
    - MLCKit/Photos (= 0.0.4)
    - MLCKit/Proxy (= 0.0.4)
    - MLCKit/Scan (= 0.0.4)
    - MLCKit/TableView (= 0.0.4)
    - MLCKit/Timer (= 0.0.4)
    - MLCKit/UI (= 0.0.4)
    - MLCKit/Utility (= 0.0.4)
  - MLCKit/Algorithm (0.0.4)
  - MLCKit/Cache (0.0.4):
    - YYCache
  - MLCKit/Category (0.0.4)
  - MLCKit/Color (0.0.4)
  - MLCKit/Document (0.0.4)
  - MLCKit/Font (0.0.4)
  - MLCKit/LocalFolder (0.0.4):
    - MLCKit/Category
    - MLCKit/Utility
  - MLCKit/Location (0.0.4)
  - MLCKit/Macro (0.0.4)
  - MLCKit/Photos (0.0.4):
    - MLCKit/Utility
  - MLCKit/Proxy (0.0.4)
  - MLCKit/Scan (0.0.4):
    - Masonry
    - MLCKit/Category
    - MLCKit/Macro
    - MLCKit/Photos
  - MLCKit/TableView (0.0.4):
    - Masonry
    - MJRefresh
    - MLCKit/Category
  - MLCKit/Timer (0.0.4)
  - MLCKit/UI (0.0.4):
    - Masonry
    - MLCKit/Proxy
  - MLCKit/Utility (0.0.4)
  - YYCache (1.0.4)
  - YYModel (1.0.4)

DEPENDENCIES:
  - LCDemo (from `../`)
  - Masonry (= 1.1.0)
  - MJRefresh (= 3.5.0)
  - MLCKit (from `../`)
  - YYCache (= 1.0.4)
  - YYModel (= 1.0.4)

SPEC REPOS:
  https://github.com/CocoaPods/Specs.git:
    - Masonry
    - MJRefresh
    - YYCache
    - YYModel

EXTERNAL SOURCES:
  LCDemo:
    :path: "../"
  MLCKit:
    :path: "../"

SPEC CHECKSUMS:
  LCDemo: ff603c58f16dfcda0a2fada087f3e3ba9c58e9a8
  Masonry: 678fab65091a9290e40e2832a55e7ab731aad201
  MJRefresh: 6afc955813966afb08305477dd7a0d9ad5e79a16
  MLCKit: 813d8e5248ed9aad9a03105262e6d79d32aa091e
  YYCache: 8105b6638f5e849296c71f331ff83891a4942952
  YYModel: 2a7fdd96aaa4b86a824e26d0c517de8928c04b30

PODFILE CHECKSUM: 09a744550bbadebd2b5035a04cd1ce5b56d9efa3

COCOAPODS: 1.9.3
